lockfileVersion: '6.0'

settings:
  autoInstallPeers: true
  excludeLinksFromLockfile: false

dependencies:
  i18next:
    specifier: 23.11.4
    version: 23.11.4

packages:

  /@babel/runtime@7.24.5:
    resolution: {integrity: sha512-Nms86NXrsaeU9vbBJKni6gXiEXZ4CVpYVzEjDH9Sb8vmZ3UljyA1GSOJl/6LGPO8EHLuSF9H+IxNXHPX8QHJ4g==}
    engines: {node: '>=6.9.0'}
    dependencies:
      regenerator-runtime: 0.14.1
    dev: false

  /i18next@23.11.4:
    resolution: {integrity: sha512-CCUjtd5TfaCl+mLUzAA0uPSN+AVn4fP/kWCYt/hocPUwusTpMVczdrRyOBUwk6N05iH40qiKx6q1DoNJtBIwdg==}
    dependencies:
      '@babel/runtime': 7.24.5
    dev: false

  /regenerator-runtime@0.14.1:
    resolution: {integrity: sha512-dYnhHh0nJoMfnkZs6GmmhFknAGRrLznOu5nc9ML+EJxGvrx6H7teuevqVqCuPcPK//3eDrrjQhehXVx9cnkGdw==}
    dev: false
